
Microsoft Visual Studio Solution File, Format Version 12.00
# Visual Studio 15
VisualStudioVersion = 15.0.28307.1062
MinimumVisualStudioVersion = 10.0.40219.1
Project("{9A19103F-16F7-4668-BE54-9A1E7A4F7556}") = "HackerNews", "HackerNews\HackerNews.csproj", "{1B3D386B-D6B2-4EBE-97F4-49AA1EA03BE3}"
EndProject
Project("{2150E333-8FDC-42A3-9474-1A3956D46DE8}") = "Solution Items", "Solution Items", "{44FE5F47-7F2B-4E89-91C7-0D8A178B62EE}"
	ProjectSection(SolutionItems) = preProject
		README.md = README.md
	EndProjectSection
EndProject
Global
	GlobalSection(SolutionConfigurationPlatforms) = preSolution
		Debug|Any CPU = Debug|Any CPU
		Release|Any CPU = Release|Any CPU
	EndGlobalSection
	GlobalSection(ProjectConfigurationPlatforms) = postSolution
		{1B3D386B-D6B2-4EBE-97F4-49AA1EA03BE3}.Debug|Any CPU.ActiveCfg = Debug|Any CPU
		{1B3D386B-D6B2-4EBE-97F4-49AA1EA03BE3}.Debug|Any CPU.Build.0 = Debug|Any CPU
		{1B3D386B-D6B2-4EBE-97F4-49AA1EA03BE3}.Release|Any CPU.ActiveCfg = Release|Any CPU
		{1B3D386B-D6B2-4EBE-97F4-49AA1EA03BE3}.Release|Any CPU.Build.0 = Release|Any CPU
	EndGlobalSection
	GlobalSection(SolutionProperties) = preSolution
		HideSolutionNode = FALSE
	EndGlobalSection
	GlobalSection(ExtensibilityGlobals) = postSolution
		SolutionGuid = {F5578382-2B77-41E6-BADF-2978D7D02C38}
	EndGlobalSection
EndGlobal
